# This file was autogenerated by uv via the following command:
#    uv pip compile requirements-dev.in -o requirements-dev.lock
anyio==4.15.1
    # via
    #   -c requirements.lock
    #   httpx
certifi==2026.7.22
    # via
    #   httpcore
    #   httpx
h11==0.16.0
    # via
    #   -c requirements.lock
    #   httpcore
httpcore==1.0.9
    # via httpx
httpx==0.28.1
    # via -r requirements-dev.in
idna==3.20
    # via
    #   -c requirements.lock
    #   anyio
    #   httpx
iniconfig==2.3.0
    # via pytest
packaging==26.3
    # via pytest
pluggy==1.6.0
    # via pytest
pygments==2.21.0
    # via pytest
pytest==9.1.1
    # via -r requirements-dev.in
typing-extensions==4.16.0
    # via
    #   -c requirements.lock
    #   anyio
